
Microsoft Visual Studio Solution File, Format Version 12.00
# Visual Studio Version 17
VisualStudioVersion = 17.13.35825.156
MinimumVisualStudioVersion = 10.0.40219.1
Project("{FAE04EC0-301F-11D3-BF4B-00C04F79EFBC}") = "UI", "UI\UI.csproj", "{EA1DEDD8-DAF8-4539-8960-FFB39260A957}"
EndProject
Project("{FAE04EC0-301F-11D3-BF4B-00C04F79EFBC}") = "Dominio", "Dominio\Dominio.csproj", "{B6F6011D-ED59-48F9-9011-4F76F10D77B7}"
EndProject
Global
	GlobalSection(SolutionConfigurationPlatforms) = preSolution
		Debug|Any CPU = Debug|Any CPU
		Release|Any CPU = Release|Any CPU
	EndGlobalSection
	GlobalSection(ProjectConfigurationPlatforms) = postSolution
		{EA1DEDD8-DAF8-4539-8960-FFB39260A957}.Debug|Any CPU.ActiveCfg = Debug|Any CPU
		{EA1DEDD8-DAF8-4539-8960-FFB39260A957}.Debug|Any CPU.Build.0 = Debug|Any CPU
		{EA1DEDD8-DAF8-4539-8960-FFB39260A957}.Release|Any CPU.ActiveCfg = Release|Any CPU
		{EA1DEDD8-DAF8-4539-8960-FFB39260A957}.Release|Any CPU.Build.0 = Release|Any CPU
		{B6F6011D-ED59-48F9-9011-4F76F10D77B7}.Debug|Any CPU.ActiveCfg = Debug|Any CPU
		{B6F6011D-ED59-48F9-9011-4F76F10D77B7}.Debug|Any CPU.Build.0 = Debug|Any CPU
		{B6F6011D-ED59-48F9-9011-4F76F10D77B7}.Release|Any CPU.ActiveCfg = Release|Any CPU
		{B6F6011D-ED59-48F9-9011-4F76F10D77B7}.Release|Any CPU.Build.0 = Release|Any CPU
	EndGlobalSection
	GlobalSection(SolutionProperties) = preSolution
		HideSolutionNode = FALSE
	EndGlobalSection
	GlobalSection(ExtensibilityGlobals) = postSolution
		SolutionGuid = {61544B24-91E1-4C26-BE48-52C344E00C6E}
	EndGlobalSection
EndGlobal
